// !$*UTF8*$!
{
	archiveVersion = 1;
	classes = {
	};
	objectVersion = 56;
	objects = {

/* Begin PBXBuildFile section */
		7E48BFBF2AC9378E00BBF13C /* AppDelegate.swift in Sources */ = {isa = PBXBuildFile; fileRef = 7E48BFBE2AC9378E00BBF13C /* AppDelegate.swift */; };
		7E48BFC12AC9378E00BBF13C /* SceneDelegate.swift in Sources */ = {isa = PBXBuildFile; fileRef = 7E48BFC02AC9378E00BBF13C /* SceneDelegate.swift */; };
		7E48BFC32AC9378E00BBF13C /* ViewController.swift in Sources */ = {isa = PBXBuildFile; fileRef = 7E48BFC22AC9378E00BBF13C /* ViewController.swift */; };
		7E48BFC62AC9378E00BBF13C /* Main.storyboard in Resources */ = {isa = PBXBuildFile; fileRef = 7E48BFC42AC9378E00BBF13C /* Main.storyboard */; };
		7E48BFC82AC9378F00BBF13C /* Assets.xcassets in Resources */ = {isa = PBXBuildFile; fileRef = 7E48BFC72AC9378F00BBF13C /* Assets.xcassets */; };
		7E48BFCB2AC9378F00BBF13C /* LaunchScreen.storyboard in Resources */ = {isa = PBXBuildFile; fileRef = 7E48BFC92AC9378F00BBF13C /* LaunchScreen.storyboard */; };
		7E48BFD32AC9409800BBF13C /* OnboardingView.swift in Sources */ = {isa = PBXBuildFile; fileRef = 7E48BFD22AC9409800BBF13C /* OnboardingView.swift */; };
		7E48BFD52ACA104B00BBF13C /* ButtonsTypesView.swift in Sources */ = {isa = PBXBuildFile; fileRef = 7E48BFD42ACA104B00BBF13C /* ButtonsTypesView.swift */; };
		7E48BFD72ACA122000BBF13C /* LabelsPracticeView.swift in Sources */ = {isa = PBXBuildFile; fileRef = 7E48BFD62ACA122000BBF13C /* LabelsPracticeView.swift */; };
		7E48BFDA2ACA27CC00BBF13C /* DeviceModel.swift in Sources */ = {isa = PBXBuildFile; fileRef = 7E48BFD92ACA27CC00BBF13C /* DeviceModel.swift */; };
		7E48BFDC2ACA2FFD00BBF13C /* CustomTableViewCell.swift in Sources */ = {isa = PBXBuildFile; fileRef = 7E48BFDB2ACA2FFD00BBF13C /* CustomTableViewCell.swift */; };
		7E48BFDE2ACA54F300BBF13C /* MyDevicesTableUIView.swift in Sources */ = {isa = PBXBuildFile; fileRef = 7E48BFDD2ACA54F300BBF13C /* MyDevicesTableUIView.swift */; };
		7E48BFE02ACA56D400BBF13C /* StackViewPracticeUI.swift in Sources */ = {isa = PBXBuildFile; fileRef = 7E48BFDF2ACA56D400BBF13C /* StackViewPracticeUI.swift */; };
/* End PBXBuildFile section */

/* Begin PBXFileReference section */
		7E48BFBB2AC9378E00BBF13C /* uikit.practice.autolayout.app */ = {isa = PBXFileReference; explicitFileType = wrapper.application; includeInIndex = 0; path = uikit.practice.autolayout.app; sourceTree = BUILT_PRODUCTS_DIR; };
		7E48BFBE2AC9378E00BBF13C /* AppDelegate.swift */ = {isa = PBXFileReference; lastKnownFileType = sourcecode.swift; path = AppDelegate.swift; sourceTree = "<group>"; };
		7E48BFC02AC9378E00BBF13C /* SceneDelegate.swift */ = {isa = PBXFileReference; lastKnownFileType = sourcecode.swift; path = SceneDelegate.swift; sourceTree = "<group>"; };
		7E48BFC22AC9378E00BBF13C /* ViewController.swift */ = {isa = PBXFileReference; lastKnownFileType = sourcecode.swift; path = ViewController.swift; sourceTree = "<group>"; };
		7E48BFC52AC9378E00BBF13C /* Base */ = {isa = PBXFileReference; lastKnownFileType = file.storyboard; name = Base; path = Base.lproj/Main.storyboard; sourceTree = "<group>"; };
		7E48BFC72AC9378F00BBF13C /* Assets.xcassets */ = {isa = PBXFileReference; lastKnownFileType = folder.assetcatalog; path = Assets.xcassets; sourceTree = "<group>"; };
		7E48BFCA2AC9378F00BBF13C /* Base */ = {isa = PBXFileReference; lastKnownFileType = file.storyboard; name = Base; path = Base.lproj/LaunchScreen.storyboard; sourceTree = "<group>"; };
		7E48BFCC2AC9378F00BBF13C /* Info.plist */ = {isa = PBXFileReference; lastKnownFileType = text.plist.xml; path = Info.plist; sourceTree = "<group>"; };
		7E48BFD22AC9409800BBF13C /* OnboardingView.swift */ = {isa = PBXFileReference; lastKnownFileType = sourcecode.swift; path = OnboardingView.swift; sourceTree = "<group>"; };
		7E48BFD42ACA104B00BBF13C /* ButtonsTypesView.swift */ = {isa = PBXFileReference; lastKnownFileType = sourcecode.swift; path = ButtonsTypesView.swift; sourceTree = "<group>"; };
		7E48BFD62ACA122000BBF13C /* LabelsPracticeView.swift */ = {isa = PBXFileReference; lastKnownFileType = sourcecode.swift; path = LabelsPracticeView.swift; sourceTree = "<group>"; };
		7E48BFD92ACA27CC00BBF13C /* DeviceModel.swift */ = {isa = PBXFileReference; lastKnownFileType = sourcecode.swift; path = DeviceModel.swift; sourceTree = "<group>"; };
		7E48BFDB2ACA2FFD00BBF13C /* CustomTableViewCell.swift */ = {isa = PBXFileReference; lastKnownFileType = sourcecode.swift; path = CustomTableViewCell.swift; sourceTree = "<group>"; };
		7E48BFDD2ACA54F300BBF13C /* MyDevicesTableUIView.swift */ = {isa = PBXFileReference; lastKnownFileType = sourcecode.swift; path = MyDevicesTableUIView.swift; sourceTree = "<group>"; };
		7E48BFDF2ACA56D400BBF13C /* StackViewPracticeUI.swift */ = {isa = PBXFileReference; lastKnownFileType = sourcecode.swift; path = StackViewPracticeUI.swift; sourceTree = "<group>"; };
/* End PBXFileReference section */

/* Begin PBXFrameworksBuildPhase section */
		7E48BFB82AC9378E00BBF13C /* Frameworks */ = {
			isa = PBXFrameworksBuildPhase;
			buildActionMask = 2147483647;
			files = (
			);
			runOnlyForDeploymentPostprocessing = 0;
		};
/* End PBXFrameworksBuildPhase section */

/* Begin PBXGroup section */
		7E48BFB22AC9378E00BBF13C = {
			isa = PBXGroup;
			children = (
				7E48BFBD2AC9378E00BBF13C /* uikit.practice.autolayout */,
				7E48BFBC2AC9378E00BBF13C /* Products */,
			);
			sourceTree = "<group>";
		};
		7E48BFBC2AC9378E00BBF13C /* Products */ = {
			isa = PBXGroup;
			children = (
				7E48BFBB2AC9378E00BBF13C /* uikit.practice.autolayout.app */,
			);
			name = Products;
			sourceTree = "<group>";
		};
		7E48BFBD2AC9378E00BBF13C /* uikit.practice.autolayout */ = {
			isa = PBXGroup;
			children = (
				7E48BFD82ACA27BD00BBF13C /* Models */,
				7E48BFBE2AC9378E00BBF13C /* AppDelegate.swift */,
				7E48BFC02AC9378E00BBF13C /* SceneDelegate.swift */,
				7E48BFC22AC9378E00BBF13C /* ViewController.swift */,
				7E48BFDB2ACA2FFD00BBF13C /* CustomTableViewCell.swift */,
				7E48BFD22AC9409800BBF13C /* OnboardingView.swift */,
				7E48BFC42AC9378E00BBF13C /* Main.storyboard */,
				7E48BFC72AC9378F00BBF13C /* Assets.xcassets */,
				7E48BFC92AC9378F00BBF13C /* LaunchScreen.storyboard */,
				7E48BFCC2AC9378F00BBF13C /* Info.plist */,
				7E48BFD42ACA104B00BBF13C /* ButtonsTypesView.swift */,
				7E48BFD62ACA122000BBF13C /* LabelsPracticeView.swift */,
				7E48BFDD2ACA54F300BBF13C /* MyDevicesTableUIView.swift */,
				7E48BFDF2ACA56D400BBF13C /* StackViewPracticeUI.swift */,
			);
			path = uikit.practice.autolayout;
			sourceTree = "<group>";
		};
		7E48BFD82ACA27BD00BBF13C /* Models */ = {
			isa = PBXGroup;
			children = (
				7E48BFD92ACA27CC00BBF13C /* DeviceModel.swift */,
			);
			path = Models;
			sourceTree = "<group>";
		};
/* End PBXGroup section */

/* Begin PBXNativeTarget section */
		7E48BFBA2AC9378E00BBF13C /* uikit.practice.autolayout */ = {
			isa = PBXNativeTarget;
			buildConfigurationList = 7E48BFCF2AC9378F00BBF13C /* Build configuration list for PBXNativeTarget "uikit.practice.autolayout" */;
			buildPhases = (
				7E48BFB72AC9378E00BBF13C /* Sources */,
				7E48BFB82AC9378E00BBF13C /* Frameworks */,
				7E48BFB92AC9378E00BBF13C /* Resources */,
			);
			buildRules = (
			);
			dependencies = (
			);
			name = uikit.practice.autolayout;
			productName = uikit.practice.autolayout;
			productReference = 7E48BFBB2AC9378E00BBF13C /* uikit.practice.autolayout.app */;
			productType = "com.apple.product-type.application";
		};
/* End PBXNativeTarget section */

/* Begin PBXProject section */
		7E48BFB32AC9378E00BBF13C /* Project object */ = {
			isa = PBXProject;
			attributes = {
				BuildIndependentTargetsInParallel = 1;
				LastSwiftUpdateCheck = 1430;
				LastUpgradeCheck = 1430;
				TargetAttributes = {
					7E48BFBA2AC9378E00BBF13C = {
						CreatedOnToolsVersion = 14.3.1;
					};
				};
			};
			buildConfigurationList = 7E48BFB62AC9378E00BBF13C /* Build configuration list for PBXProject "uikit.practice.autolayout" */;
			compatibilityVersion = "Xcode 14.0";
			developmentRegion = en;
			hasScannedForEncodings = 0;
			knownRegions = (
				en,
				Base,
			);
			mainGroup = 7E48BFB22AC9378E00BBF13C;
			productRefGroup = 7E48BFBC2AC9378E00BBF13C /* Products */;
			projectDirPath = "";
			projectRoot = "";
			targets = (
				7E48BFBA2AC9378E00BBF13C /* uikit.practice.autolayout */,
			);
		};
/* End PBXProject section */

/* Begin PBXResourcesBuildPhase section */
		7E48BFB92AC9378E00BBF13C /* Resources */ = {
			isa = PBXResourcesBuildPhase;
			buildActionMask = 2147483647;
			files = (
				7E48BFCB2AC9378F00BBF13C /* LaunchScreen.storyboard in Resources */,
				7E48BFC82AC9378F00BBF13C /* Assets.xcassets in Resources */,
				7E48BFC62AC9378E00BBF13C /* Main.storyboard in Resources */,
			);
			runOnlyForDeploymentPostprocessing = 0;
		};
/* End PBXResourcesBuildPhase section */

/* Begin PBXSourcesBuildPhase section */
		7E48BFB72AC9378E00BBF13C /* Sources */ = {
			isa = PBXSourcesBuildPhase;
			buildActionMask = 2147483647;
			files = (
				7E48BFE02ACA56D400BBF13C /* StackViewPracticeUI.swift in Sources */,
				7E48BFD52ACA104B00BBF13C /* ButtonsTypesView.swift in Sources */,
				7E48BFC32AC9378E00BBF13C /* ViewController.swift in Sources */,
				7E48BFDC2ACA2FFD00BBF13C /* CustomTableViewCell.swift in Sources */,
				7E48BFDA2ACA27CC00BBF13C /* DeviceModel.swift in Sources */,
				7E48BFD72ACA122000BBF13C /* LabelsPracticeView.swift in Sources */,
				7E48BFDE2ACA54F300BBF13C /* MyDevicesTableUIView.swift in Sources */,
				7E48BFD32AC9409800BBF13C /* OnboardingView.swift in Sources */,
				7E48BFBF2AC9378E00BBF13C /* AppDelegate.swift in Sources */,
				7E48BFC12AC9378E00BBF13C /* SceneDelegate.swift in Sources */,
			);
			runOnlyForDeploymentPostprocessing = 0;
		};
/* End PBXSourcesBuildPhase section */

/* Begin PBXVariantGroup section */
		7E48BFC42AC9378E00BBF13C /* Main.storyboard */ = {
			isa = PBXVariantGroup;
			children = (
				7E48BFC52AC9378E00BBF13C /* Base */,
			);
			name = Main.storyboard;
			sourceTree = "<group>";
		};
		7E48BFC92AC9378F00BBF13C /* LaunchScreen.storyboard */ = {
			isa = PBXVariantGroup;
			children = (
				7E48BFCA2AC9378F00BBF13C /* Base */,
			);
			name = LaunchScreen.storyboard;
			sourceTree = "<group>";
		};
/* End PBXVariantGroup section */

/* Begin XCBuildConfiguration section */
		7E48BFCD2AC9378F00BBF13C /* Debug */ = {
			isa = XCBuildConfiguration;
			buildSettings = {
				ALWAYS_SEARCH_USER_PATHS = NO;
				CLANG_ANALYZER_NONNULL = YES;
				CLANG_ANALYZER_NUMBER_OBJECT_CONVERSION = YES_AGGRESSIVE;
				CLANG_CXX_LANGUAGE_STANDARD = "gnu++20";
				CLANG_ENABLE_MODULES = YES;
				CLANG_ENABLE_OBJC_ARC = YES;
				CLANG_ENABLE_OBJC_WEAK = YES;
				CLANG_WARN_BLOCK_CAPTURE_AUTORELEASING = YES;
				CLANG_WARN_BOOL_CONVERSION = YES;
				CLANG_WARN_COMMA = YES;
				CLANG_WARN_CONSTANT_CONVERSION = YES;
				CLANG_WARN_DEPRECATED_OBJC_IMPLEMENTATIONS = YES;
				CLANG_WARN_DIRECT_OBJC_ISA_USAGE = YES_ERROR;
				CLANG_WARN_DOCUMENTATION_COMMENTS = YES;
				CLANG_WARN_EMPTY_BODY = YES;
				CLANG_WARN_ENUM_CONVERSION = YES;
				CLANG_WARN_INFINITE_RECURSION = YES;
				CLANG_WARN_INT_CONVERSION = YES;
				CLANG_WARN_NON_LITERAL_NULL_CONVERSION = YES;
				CLANG_WARN_OBJC_IMPLICIT_RETAIN_SELF = YES;
				CLANG_WARN_OBJC_LITERAL_CONVERSION = YES;
				CLANG_WARN_OBJC_ROOT_CLASS = YES_ERROR;
				CLANG_WARN_QUOTED_INCLUDE_IN_FRAMEWORK_HEADER = YES;
				CLANG_WARN_RANGE_LOOP_ANALYSIS = YES;
				CLANG_WARN_STRICT_PROTOTYPES = YES;
				CLANG_WARN_SUSPICIOUS_MOVE = YES;
				CLANG_WARN_UNGUARDED_AVAILABILITY = YES_AGGRESSIVE;
				CLANG_WARN_UNREACHABLE_CODE = YES;
				CLANG_WARN__DUPLICATE_METHOD_MATCH = YES;
				COPY_PHASE_STRIP = NO;
				DEBUG_INFORMATION_FORMAT = dwarf;
				ENABLE_STRICT_OBJC_MSGSEND = YES;
				ENABLE_TESTABILITY = YES;
				GCC_C_LANGUAGE_STANDARD = gnu11;
				GCC_DYNAMIC_NO_PIC = NO;
				GCC_NO_COMMON_BLOCKS = YES;
				GCC_OPTIMIZATION_LEVEL = 0;
				GCC_PREPROCESSOR_DEFINITIONS = (
					"DEBUG=1",
					"$(inherited)",
				);
				GCC_WARN_64_TO_32_BIT_CONVERSION = YES;
				GCC_WARN_ABOUT_RETURN_TYPE = YES_ERROR;
				GCC_WARN_UNDECLARED_SELECTOR = YES;
				GCC_WARN_UNINITIALIZED_AUTOS = YES_AGGRESSIVE;
				GCC_WARN_UNUSED_FUNCTION = YES;
				GCC_WARN_UNUSED_VARIABLE = YES;
				IPHONEOS_DEPLOYMENT_TARGET = 16.4;
				MTL_ENABLE_DEBUG_INFO = INCLUDE_SOURCE;
				MTL_FAST_MATH = YES;
				ONLY_ACTIVE_ARCH = YES;
				SDKROOT = iphoneos;
				SWIFT_ACTIVE_COMPILATION_CONDITIONS = DEBUG;
				SWIFT_OPTIMIZATION_LEVEL = "-Onone";
			};
			name = Debug;
		};
		7E48BFCE2AC9378F00BBF13C /* Release */ = {
			isa = XCBuildConfiguration;
			buildSettings = {
				ALWAYS_SEARCH_USER_PATHS = NO;
				CLANG_ANALYZER_NONNULL = YES;
				CLANG_ANALYZER_NUMBER_OBJECT_CONVERSION = YES_AGGRESSIVE;
				CLANG_CXX_LANGUAGE_STANDARD = "gnu++20";
				CLANG_ENABLE_MODULES = YES;
				CLANG_ENABLE_OBJC_ARC = YES;
				CLANG_ENABLE_OBJC_WEAK = YES;
				CLANG_WARN_BLOCK_CAPTURE_AUTORELEASING = YES;
				CLANG_WARN_BOOL_CONVERSION = YES;
				CLANG_WARN_COMMA = YES;
				CLANG_WARN_CONSTANT_CONVERSION = YES;
				CLANG_WARN_DEPRECATED_OBJC_IMPLEMENTATIONS = YES;
				CLANG_WARN_DIRECT_OBJC_ISA_USAGE = YES_ERROR;
				CLANG_WARN_DOCUMENTATION_COMMENTS = YES;
				CLANG_WARN_EMPTY_BODY = YES;
				CLANG_WARN_ENUM_CONVERSION = YES;
				CLANG_WARN_INFINITE_RECURSION = YES;
				CLANG_WARN_INT_CONVERSION = YES;
				CLANG_WARN_NON_LITERAL_NULL_CONVERSION = YES;
				CLANG_WARN_OBJC_IMPLICIT_RETAIN_SELF = YES;
				CLANG_WARN_OBJC_LITERAL_CONVERSION = YES;
				CLANG_WARN_OBJC_ROOT_CLASS = YES_ERROR;
				CLANG_WARN_QUOTED_INCLUDE_IN_FRAMEWORK_HEADER = YES;
				CLANG_WARN_RANGE_LOOP_ANALYSIS = YES;
				CLANG_WARN_STRICT_PROTOTYPES = YES;
				CLANG_WARN_SUSPICIOUS_MOVE = YES;
				CLANG_WARN_UNGUARDED_AVAILABILITY = YES_AGGRESSIVE;
				CLANG_WARN_UNREACHABLE_CODE = YES;
				CLANG_WARN__DUPLICATE_METHOD_MATCH = YES;
				COPY_PHASE_STRIP = NO;
				DEBUG_INFORMATION_FORMAT = "dwarf-with-dsym";
				ENABLE_NS_ASSERTIONS = NO;
				ENABLE_STRICT_OBJC_MSGSEND = YES;
				GCC_C_LANGUAGE_STANDARD = gnu11;
				GCC_NO_COMMON_BLOCKS = YES;
				GCC_WARN_64_TO_32_BIT_CONVERSION = YES;
				GCC_WARN_ABOUT_RETURN_TYPE = YES_ERROR;
				GCC_WARN_UNDECLARED_SELECTOR = YES;
				GCC_WARN_UNINITIALIZED_AUTOS = YES_AGGRESSIVE;
				GCC_WARN_UNUSED_FUNCTION = YES;
				GCC_WARN_UNUSED_VARIABLE = YES;
				IPHONEOS_DEPLOYMENT_TARGET = 16.4;
				MTL_ENABLE_DEBUG_INFO = NO;
				MTL_FAST_MATH = YES;
				SDKROOT = iphoneos;
				SWIFT_COMPILATION_MODE = wholemodule;
				SWIFT_OPTIMIZATION_LEVEL = "-O";
				VALIDATE_PRODUCT = YES;
			};
			name = Release;
		};
		7E48BFD02AC9378F00BBF13C /* Debug */ = {
			isa = XCBuildConfiguration;
			buildSettings = {
				ASSETCATALOG_COMPILER_APPICON_NAME = AppIcon;
				ASSETCATALOG_COMPILER_GLOBAL_ACCENT_COLOR_NAME = AccentColor;
				CODE_SIGN_STYLE = Automatic;
				CURRENT_PROJECT_VERSION = 1;
				DEVELOPMENT_TEAM = 966S5PB68L;
				GENERATE_INFOPLIST_FILE = YES;
				INFOPLIST_FILE = uikit.practice.autolayout/Info.plist;
				INFOPLIST_KEY_UIApplicationSupportsIndirectInputEvents = YES;
				INFOPLIST_KEY_UILaunchStoryboardName = LaunchScreen;
				INFOPLIST_KEY_UIMainStoryboardFile = Main;
				INFOPLIST_KEY_UISupportedInterfaceOrientations_iPad = "UIInterfaceOrientationPortrait UIInterfaceOrientationPortraitUpsideDown UIInterfaceOrientationLandscapeLeft UIInterfaceOrientationLandscapeRight";
				INFOPLIST_KEY_UISupportedInterfaceOrientations_iPhone = "UIInterfaceOrientationPortrait UIInterfaceOrientationLandscapeLeft UIInterfaceOrientationLandscapeRight";
				LD_RUNPATH_SEARCH_PATHS = (
					"$(inherited)",
					"@executable_path/Frameworks",
				);
				MARKETING_VERSION = 1.0;
				PRODUCT_BUNDLE_IDENTIFIER = "io.iosRickAndMortyApp.uikit-practice-autolayout";
				PRODUCT_NAME = "$(TARGET_NAME)";
				SWIFT_EMIT_LOC_STRINGS = YES;
				SWIFT_VERSION = 5.0;
				TARGETED_DEVICE_FAMILY = "1,2";
			};
			name = Debug;
		};
		7E48BFD12AC9378F00BBF13C /* Release */ = {
			isa = XCBuildConfiguration;
			buildSettings = {
				ASSETCATALOG_COMPILER_APPICON_NAME = AppIcon;
				ASSETCATALOG_COMPILER_GLOBAL_ACCENT_COLOR_NAME = AccentColor;
				CODE_SIGN_STYLE = Automatic;
				CURRENT_PROJECT_VERSION = 1;
				DEVELOPMENT_TEAM = 966S5PB68L;
				GENERATE_INFOPLIST_FILE = YES;
				INFOPLIST_FILE = uikit.practice.autolayout/Info.plist;
				INFOPLIST_KEY_UIApplicationSupportsIndirectInputEvents = YES;
				INFOPLIST_KEY_UILaunchStoryboardName = LaunchScreen;
				INFOPLIST_KEY_UIMainStoryboardFile = Main;
				INFOPLIST_KEY_UISupportedInterfaceOrientations_iPad = "UIInterfaceOrientationPortrait UIInterfaceOrientationPortraitUpsideDown UIInterfaceOrientationLandscapeLeft UIInterfaceOrientationLandscapeRight";
				INFOPLIST_KEY_UISupportedInterfaceOrientations_iPhone = "UIInterfaceOrientationPortrait UIInterfaceOrientationLandscapeLeft UIInterfaceOrientationLandscapeRight";
				LD_RUNPATH_SEARCH_PATHS = (
					"$(inherited)",
					"@executable_path/Frameworks",
				);
				MARKETING_VERSION = 1.0;
				PRODUCT_BUNDLE_IDENTIFIER = "io.iosRickAndMortyApp.uikit-practice-autolayout";
				PRODUCT_NAME = "$(TARGET_NAME)";
				SWIFT_EMIT_LOC_STRINGS = YES;
				SWIFT_VERSION = 5.0;
				TARGETED_DEVICE_FAMILY = "1,2";
			};
			name = Release;
		};
/* End XCBuildConfiguration section */

/* Begin XCConfigurationList section */
		7E48BFB62AC9378E00BBF13C /* Build configuration list for PBXProject "uikit.practice.autolayout" */ = {
			isa = XCConfigurationList;
			buildConfigurations = (
				7E48BFCD2AC9378F00BBF13C /* Debug */,
				7E48BFCE2AC9378F00BBF13C /* Release */,
			);
			defaultConfigurationIsVisible = 0;
			defaultConfigurationName = Release;
		};
		7E48BFCF2AC9378F00BBF13C /* Build configuration list for PBXNativeTarget "uikit.practice.autolayout" */ = {
			isa = XCConfigurationList;
			buildConfigurations = (
				7E48BFD02AC9378F00BBF13C /* Debug */,
				7E48BFD12AC9378F00BBF13C /* Release */,
			);
			defaultConfigurationIsVisible = 0;
			defaultConfigurationName = Release;
		};
/* End XCConfigurationList section */
	};
	rootObject = 7E48BFB32AC9378E00BBF13C /* Project object */;
}
