// !$*UTF8*$!
{
	archiveVersion = 1;
	classes = {
	};
	objectVersion = 56;
	objects = {

/* Begin PBXBuildFile section */
		7E3A6C7829395085004D5BF1 /* AppDelegate.swift in Sources */ = {isa = PBXBuildFile; fileRef = 7E3A6C7729395085004D5BF1 /* AppDelegate.swift */; };
		7E3A6C7A29395085004D5BF1 /* SceneDelegate.swift in Sources */ = {isa = PBXBuildFile; fileRef = 7E3A6C7929395085004D5BF1 /* SceneDelegate.swift */; };
		7E3A6C7F29395085004D5BF1 /* Main.storyboard in Resources */ = {isa = PBXBuildFile; fileRef = 7E3A6C7D29395085004D5BF1 /* Main.storyboard */; };
		7E3A6C8129395088004D5BF1 /* Assets.xcassets in Resources */ = {isa = PBXBuildFile; fileRef = 7E3A6C8029395088004D5BF1 /* Assets.xcassets */; };
		7E3A6C8429395088004D5BF1 /* LaunchScreen.storyboard in Resources */ = {isa = PBXBuildFile; fileRef = 7E3A6C8229395088004D5BF1 /* LaunchScreen.storyboard */; };
		7E3A6C8E29395323004D5BF1 /* HomeTableViewController.swift in Sources */ = {isa = PBXBuildFile; fileRef = 7E3A6C8D29395323004D5BF1 /* HomeTableViewController.swift */; };
		7E3A6C9029395361004D5BF1 /* ModalTableViewController.swift in Sources */ = {isa = PBXBuildFile; fileRef = 7E3A6C8F29395361004D5BF1 /* ModalTableViewController.swift */; };
		7E3A6C9229396679004D5BF1 /* PersonStruct.swift in Sources */ = {isa = PBXBuildFile; fileRef = 7E3A6C9129396679004D5BF1 /* PersonStruct.swift */; };
		7ED53964293B7BD5003C2F74 /* ListCollectionViewController.swift in Sources */ = {isa = PBXBuildFile; fileRef = 7ED53963293B7BD5003C2F74 /* ListCollectionViewController.swift */; };
		7ED53966293B7F57003C2F74 /* DetailViewController.swift in Sources */ = {isa = PBXBuildFile; fileRef = 7ED53965293B7F57003C2F74 /* DetailViewController.swift */; };
		7ED53968293B8614003C2F74 /* ST-02.storyboard in Resources */ = {isa = PBXBuildFile; fileRef = 7ED53967293B8614003C2F74 /* ST-02.storyboard */; };
		7ED5396A293B891D003C2F74 /* ItemCollectionViewCell.swift in Sources */ = {isa = PBXBuildFile; fileRef = 7ED53969293B891D003C2F74 /* ItemCollectionViewCell.swift */; };
		7ED5396C293B8B11003C2F74 /* CustomCollectionViewCell.swift in Sources */ = {isa = PBXBuildFile; fileRef = 7ED5396B293B8B11003C2F74 /* CustomCollectionViewCell.swift */; };
/* End PBXBuildFile section */

/* Begin PBXFileReference section */
		7E3A6C7429395085004D5BF1 /* thirdProject.app */ = {isa = PBXFileReference; explicitFileType = wrapper.application; includeInIndex = 0; path = thirdProject.app; sourceTree = BUILT_PRODUCTS_DIR; };
		7E3A6C7729395085004D5BF1 /* AppDelegate.swift */ = {isa = PBXFileReference; lastKnownFileType = sourcecode.swift; path = AppDelegate.swift; sourceTree = "<group>"; };
		7E3A6C7929395085004D5BF1 /* SceneDelegate.swift */ = {isa = PBXFileReference; lastKnownFileType = sourcecode.swift; path = SceneDelegate.swift; sourceTree = "<group>"; };
		7E3A6C7E29395085004D5BF1 /* Base */ = {isa = PBXFileReference; lastKnownFileType = file.storyboard; name = Base; path = Base.lproj/Main.storyboard; sourceTree = "<group>"; };
		7E3A6C8029395088004D5BF1 /* Assets.xcassets */ = {isa = PBXFileReference; lastKnownFileType = folder.assetcatalog; path = Assets.xcassets; sourceTree = "<group>"; };
		7E3A6C8329395088004D5BF1 /* Base */ = {isa = PBXFileReference; lastKnownFileType = file.storyboard; name = Base; path = Base.lproj/LaunchScreen.storyboard; sourceTree = "<group>"; };
		7E3A6C8529395088004D5BF1 /* Info.plist */ = {isa = PBXFileReference; lastKnownFileType = text.plist.xml; path = Info.plist; sourceTree = "<group>"; };
		7E3A6C8D29395323004D5BF1 /* HomeTableViewController.swift */ = {isa = PBXFileReference; lastKnownFileType = sourcecode.swift; path = HomeTableViewController.swift; sourceTree = "<group>"; };
		7E3A6C8F29395361004D5BF1 /* ModalTableViewController.swift */ = {isa = PBXFileReference; lastKnownFileType = sourcecode.swift; path = ModalTableViewController.swift; sourceTree = "<group>"; };
		7E3A6C9129396679004D5BF1 /* PersonStruct.swift */ = {isa = PBXFileReference; lastKnownFileType = sourcecode.swift; path = PersonStruct.swift; sourceTree = "<group>"; };
		7ED53963293B7BD5003C2F74 /* ListCollectionViewController.swift */ = {isa = PBXFileReference; lastKnownFileType = sourcecode.swift; path = ListCollectionViewController.swift; sourceTree = "<group>"; };
		7ED53965293B7F57003C2F74 /* DetailViewController.swift */ = {isa = PBXFileReference; lastKnownFileType = sourcecode.swift; path = DetailViewController.swift; sourceTree = "<group>"; };
		7ED53967293B8614003C2F74 /* ST-02.storyboard */ = {isa = PBXFileReference; lastKnownFileType = file.storyboard; path = "ST-02.storyboard"; sourceTree = "<group>"; };
		7ED53969293B891D003C2F74 /* ItemCollectionViewCell.swift */ = {isa = PBXFileReference; lastKnownFileType = sourcecode.swift; path = ItemCollectionViewCell.swift; sourceTree = "<group>"; };
		7ED5396B293B8B11003C2F74 /* CustomCollectionViewCell.swift */ = {isa = PBXFileReference; lastKnownFileType = sourcecode.swift; path = CustomCollectionViewCell.swift; sourceTree = "<group>"; };
/* End PBXFileReference section */

/* Begin PBXFrameworksBuildPhase section */
		7E3A6C7129395085004D5BF1 /* Frameworks */ = {
			isa = PBXFrameworksBuildPhase;
			buildActionMask = 2147483647;
			files = (
			);
			runOnlyForDeploymentPostprocessing = 0;
		};
/* End PBXFrameworksBuildPhase section */

/* Begin PBXGroup section */
		7E3A6C6B29395085004D5BF1 = {
			isa = PBXGroup;
			children = (
				7E3A6C7629395085004D5BF1 /* thirdProject */,
				7E3A6C7529395085004D5BF1 /* Products */,
			);
			sourceTree = "<group>";
		};
		7E3A6C7529395085004D5BF1 /* Products */ = {
			isa = PBXGroup;
			children = (
				7E3A6C7429395085004D5BF1 /* thirdProject.app */,
			);
			name = Products;
			sourceTree = "<group>";
		};
		7E3A6C7629395085004D5BF1 /* thirdProject */ = {
			isa = PBXGroup;
			children = (
				7E3A6C7729395085004D5BF1 /* AppDelegate.swift */,
				7E3A6C7929395085004D5BF1 /* SceneDelegate.swift */,
				7E3A6C7D29395085004D5BF1 /* Main.storyboard */,
				7E3A6C8F29395361004D5BF1 /* ModalTableViewController.swift */,
				7E3A6C8D29395323004D5BF1 /* HomeTableViewController.swift */,
				7ED53962293B7AA2003C2F74 /* New Group */,
				7E3A6C9129396679004D5BF1 /* PersonStruct.swift */,
				7E3A6C8029395088004D5BF1 /* Assets.xcassets */,
				7E3A6C8229395088004D5BF1 /* LaunchScreen.storyboard */,
				7E3A6C8529395088004D5BF1 /* Info.plist */,
				7ED53965293B7F57003C2F74 /* DetailViewController.swift */,
			);
			path = thirdProject;
			sourceTree = "<group>";
		};
		7ED53962293B7AA2003C2F74 /* New Group */ = {
			isa = PBXGroup;
			children = (
				7ED53963293B7BD5003C2F74 /* ListCollectionViewController.swift */,
				7ED53967293B8614003C2F74 /* ST-02.storyboard */,
				7ED53969293B891D003C2F74 /* ItemCollectionViewCell.swift */,
				7ED5396B293B8B11003C2F74 /* CustomCollectionViewCell.swift */,
			);
			path = "New Group";
			sourceTree = "<group>";
		};
/* End PBXGroup section */

/* Begin PBXNativeTarget section */
		7E3A6C7329395085004D5BF1 /* thirdProject */ = {
			isa = PBXNativeTarget;
			buildConfigurationList = 7E3A6C8829395088004D5BF1 /* Build configuration list for PBXNativeTarget "thirdProject" */;
			buildPhases = (
				7E3A6C7029395085004D5BF1 /* Sources */,
				7E3A6C7129395085004D5BF1 /* Frameworks */,
				7E3A6C7229395085004D5BF1 /* Resources */,
			);
			buildRules = (
			);
			dependencies = (
			);
			name = thirdProject;
			productName = thirdProject;
			productReference = 7E3A6C7429395085004D5BF1 /* thirdProject.app */;
			productType = "com.apple.product-type.application";
		};
/* End PBXNativeTarget section */

/* Begin PBXProject section */
		7E3A6C6C29395085004D5BF1 /* Project object */ = {
			isa = PBXProject;
			attributes = {
				BuildIndependentTargetsInParallel = 1;
				LastSwiftUpdateCheck = 1410;
				LastUpgradeCheck = 1410;
				TargetAttributes = {
					7E3A6C7329395085004D5BF1 = {
						CreatedOnToolsVersion = 14.1;
					};
				};
			};
			buildConfigurationList = 7E3A6C6F29395085004D5BF1 /* Build configuration list for PBXProject "thirdProject" */;
			compatibilityVersion = "Xcode 14.0";
			developmentRegion = en;
			hasScannedForEncodings = 0;
			knownRegions = (
				en,
				Base,
			);
			mainGroup = 7E3A6C6B29395085004D5BF1;
			productRefGroup = 7E3A6C7529395085004D5BF1 /* Products */;
			projectDirPath = "";
			projectRoot = "";
			targets = (
				7E3A6C7329395085004D5BF1 /* thirdProject */,
			);
		};
/* End PBXProject section */

/* Begin PBXResourcesBuildPhase section */
		7E3A6C7229395085004D5BF1 /* Resources */ = {
			isa = PBXResourcesBuildPhase;
			buildActionMask = 2147483647;
			files = (
				7E3A6C8429395088004D5BF1 /* LaunchScreen.storyboard in Resources */,
				7ED53968293B8614003C2F74 /* ST-02.storyboard in Resources */,
				7E3A6C8129395088004D5BF1 /* Assets.xcassets in Resources */,
				7E3A6C7F29395085004D5BF1 /* Main.storyboard in Resources */,
			);
			runOnlyForDeploymentPostprocessing = 0;
		};
/* End PBXResourcesBuildPhase section */

/* Begin PBXSourcesBuildPhase section */
		7E3A6C7029395085004D5BF1 /* Sources */ = {
			isa = PBXSourcesBuildPhase;
			buildActionMask = 2147483647;
			files = (
				7E3A6C9229396679004D5BF1 /* PersonStruct.swift in Sources */,
				7ED5396C293B8B11003C2F74 /* CustomCollectionViewCell.swift in Sources */,
				7E3A6C8E29395323004D5BF1 /* HomeTableViewController.swift in Sources */,
				7E3A6C9029395361004D5BF1 /* ModalTableViewController.swift in Sources */,
				7E3A6C7829395085004D5BF1 /* AppDelegate.swift in Sources */,
				7ED53964293B7BD5003C2F74 /* ListCollectionViewController.swift in Sources */,
				7ED5396A293B891D003C2F74 /* ItemCollectionViewCell.swift in Sources */,
				7E3A6C7A29395085004D5BF1 /* SceneDelegate.swift in Sources */,
				7ED53966293B7F57003C2F74 /* DetailViewController.swift in Sources */,
			);
			runOnlyForDeploymentPostprocessing = 0;
		};
/* End PBXSourcesBuildPhase section */

/* Begin PBXVariantGroup section */
		7E3A6C7D29395085004D5BF1 /* Main.storyboard */ = {
			isa = PBXVariantGroup;
			children = (
				7E3A6C7E29395085004D5BF1 /* Base */,
			);
			name = Main.storyboard;
			sourceTree = "<group>";
		};
		7E3A6C8229395088004D5BF1 /* LaunchScreen.storyboard */ = {
			isa = PBXVariantGroup;
			children = (
				7E3A6C8329395088004D5BF1 /* Base */,
			);
			name = LaunchScreen.storyboard;
			sourceTree = "<group>";
		};
/* End PBXVariantGroup section */

/* Begin XCBuildConfiguration section */
		7E3A6C8629395088004D5BF1 /* Debug */ = {
			isa = XCBuildConfiguration;
			buildSettings = {
				ALWAYS_SEARCH_USER_PATHS = NO;
				CLANG_ANALYZER_NONNULL = YES;
				CLANG_ANALYZER_NUMBER_OBJECT_CONVERSION = YES_AGGRESSIVE;
				CLANG_CXX_LANGUAGE_STANDARD = "gnu++20";
				CLANG_ENABLE_MODULES = YES;
				CLANG_ENABLE_OBJC_ARC = YES;
				CLANG_ENABLE_OBJC_WEAK = YES;
				CLANG_WARN_BLOCK_CAPTURE_AUTORELEASING = YES;
				CLANG_WARN_BOOL_CONVERSION = YES;
				CLANG_WARN_COMMA = YES;
				CLANG_WARN_CONSTANT_CONVERSION = YES;
				CLANG_WARN_DEPRECATED_OBJC_IMPLEMENTATIONS = YES;
				CLANG_WARN_DIRECT_OBJC_ISA_USAGE = YES_ERROR;
				CLANG_WARN_DOCUMENTATION_COMMENTS = YES;
				CLANG_WARN_EMPTY_BODY = YES;
				CLANG_WARN_ENUM_CONVERSION = YES;
				CLANG_WARN_INFINITE_RECURSION = YES;
				CLANG_WARN_INT_CONVERSION = YES;
				CLANG_WARN_NON_LITERAL_NULL_CONVERSION = YES;
				CLANG_WARN_OBJC_IMPLICIT_RETAIN_SELF = YES;
				CLANG_WARN_OBJC_LITERAL_CONVERSION = YES;
				CLANG_WARN_OBJC_ROOT_CLASS = YES_ERROR;
				CLANG_WARN_QUOTED_INCLUDE_IN_FRAMEWORK_HEADER = YES;
				CLANG_WARN_RANGE_LOOP_ANALYSIS = YES;
				CLANG_WARN_STRICT_PROTOTYPES = YES;
				CLANG_WARN_SUSPICIOUS_MOVE = YES;
				CLANG_WARN_UNGUARDED_AVAILABILITY = YES_AGGRESSIVE;
				CLANG_WARN_UNREACHABLE_CODE = YES;
				CLANG_WARN__DUPLICATE_METHOD_MATCH = YES;
				COPY_PHASE_STRIP = NO;
				DEBUG_INFORMATION_FORMAT = dwarf;
				ENABLE_STRICT_OBJC_MSGSEND = YES;
				ENABLE_TESTABILITY = YES;
				GCC_C_LANGUAGE_STANDARD = gnu11;
				GCC_DYNAMIC_NO_PIC = NO;
				GCC_NO_COMMON_BLOCKS = YES;
				GCC_OPTIMIZATION_LEVEL = 0;
				GCC_PREPROCESSOR_DEFINITIONS = (
					"DEBUG=1",
					"$(inherited)",
				);
				GCC_WARN_64_TO_32_BIT_CONVERSION = YES;
				GCC_WARN_ABOUT_RETURN_TYPE = YES_ERROR;
				GCC_WARN_UNDECLARED_SELECTOR = YES;
				GCC_WARN_UNINITIALIZED_AUTOS = YES_AGGRESSIVE;
				GCC_WARN_UNUSED_FUNCTION = YES;
				GCC_WARN_UNUSED_VARIABLE = YES;
				IPHONEOS_DEPLOYMENT_TARGET = 16.1;
				MTL_ENABLE_DEBUG_INFO = INCLUDE_SOURCE;
				MTL_FAST_MATH = YES;
				ONLY_ACTIVE_ARCH = YES;
				SDKROOT = iphoneos;
				SWIFT_ACTIVE_COMPILATION_CONDITIONS = DEBUG;
				SWIFT_OPTIMIZATION_LEVEL = "-Onone";
			};
			name = Debug;
		};
		7E3A6C8729395088004D5BF1 /* Release */ = {
			isa = XCBuildConfiguration;
			buildSettings = {
				ALWAYS_SEARCH_USER_PATHS = NO;
				CLANG_ANALYZER_NONNULL = YES;
				CLANG_ANALYZER_NUMBER_OBJECT_CONVERSION = YES_AGGRESSIVE;
				CLANG_CXX_LANGUAGE_STANDARD = "gnu++20";
				CLANG_ENABLE_MODULES = YES;
				CLANG_ENABLE_OBJC_ARC = YES;
				CLANG_ENABLE_OBJC_WEAK = YES;
				CLANG_WARN_BLOCK_CAPTURE_AUTORELEASING = YES;
				CLANG_WARN_BOOL_CONVERSION = YES;
				CLANG_WARN_COMMA = YES;
				CLANG_WARN_CONSTANT_CONVERSION = YES;
				CLANG_WARN_DEPRECATED_OBJC_IMPLEMENTATIONS = YES;
				CLANG_WARN_DIRECT_OBJC_ISA_USAGE = YES_ERROR;
				CLANG_WARN_DOCUMENTATION_COMMENTS = YES;
				CLANG_WARN_EMPTY_BODY = YES;
				CLANG_WARN_ENUM_CONVERSION = YES;
				CLANG_WARN_INFINITE_RECURSION = YES;
				CLANG_WARN_INT_CONVERSION = YES;
				CLANG_WARN_NON_LITERAL_NULL_CONVERSION = YES;
				CLANG_WARN_OBJC_IMPLICIT_RETAIN_SELF = YES;
				CLANG_WARN_OBJC_LITERAL_CONVERSION = YES;
				CLANG_WARN_OBJC_ROOT_CLASS = YES_ERROR;
				CLANG_WARN_QUOTED_INCLUDE_IN_FRAMEWORK_HEADER = YES;
				CLANG_WARN_RANGE_LOOP_ANALYSIS = YES;
				CLANG_WARN_STRICT_PROTOTYPES = YES;
				CLANG_WARN_SUSPICIOUS_MOVE = YES;
				CLANG_WARN_UNGUARDED_AVAILABILITY = YES_AGGRESSIVE;
				CLANG_WARN_UNREACHABLE_CODE = YES;
				CLANG_WARN__DUPLICATE_METHOD_MATCH = YES;
				COPY_PHASE_STRIP = NO;
				DEBUG_INFORMATION_FORMAT = "dwarf-with-dsym";
				ENABLE_NS_ASSERTIONS = NO;
				ENABLE_STRICT_OBJC_MSGSEND = YES;
				GCC_C_LANGUAGE_STANDARD = gnu11;
				GCC_NO_COMMON_BLOCKS = YES;
				GCC_WARN_64_TO_32_BIT_CONVERSION = YES;
				GCC_WARN_ABOUT_RETURN_TYPE = YES_ERROR;
				GCC_WARN_UNDECLARED_SELECTOR = YES;
				GCC_WARN_UNINITIALIZED_AUTOS = YES_AGGRESSIVE;
				GCC_WARN_UNUSED_FUNCTION = YES;
				GCC_WARN_UNUSED_VARIABLE = YES;
				IPHONEOS_DEPLOYMENT_TARGET = 16.1;
				MTL_ENABLE_DEBUG_INFO = NO;
				MTL_FAST_MATH = YES;
				SDKROOT = iphoneos;
				SWIFT_COMPILATION_MODE = wholemodule;
				SWIFT_OPTIMIZATION_LEVEL = "-O";
				VALIDATE_PRODUCT = YES;
			};
			name = Release;
		};
		7E3A6C8929395088004D5BF1 /* Debug */ = {
			isa = XCBuildConfiguration;
			buildSettings = {
				ASSETCATALOG_COMPILER_APPICON_NAME = AppIcon;
				ASSETCATALOG_COMPILER_GLOBAL_ACCENT_COLOR_NAME = AccentColor;
				CODE_SIGN_STYLE = Automatic;
				CURRENT_PROJECT_VERSION = 1;
				GENERATE_INFOPLIST_FILE = YES;
				INFOPLIST_FILE = thirdProject/Info.plist;
				INFOPLIST_KEY_UIApplicationSupportsIndirectInputEvents = YES;
				INFOPLIST_KEY_UILaunchStoryboardName = LaunchScreen;
				INFOPLIST_KEY_UIMainStoryboardFile = Main;
				INFOPLIST_KEY_UISupportedInterfaceOrientations_iPad = "UIInterfaceOrientationPortrait UIInterfaceOrientationPortraitUpsideDown UIInterfaceOrientationLandscapeLeft UIInterfaceOrientationLandscapeRight";
				INFOPLIST_KEY_UISupportedInterfaceOrientations_iPhone = "UIInterfaceOrientationPortrait UIInterfaceOrientationLandscapeLeft UIInterfaceOrientationLandscapeRight";
				LD_RUNPATH_SEARCH_PATHS = (
					"$(inherited)",
					"@executable_path/Frameworks",
				);
				MARKETING_VERSION = 1.0;
				PRODUCT_BUNDLE_IDENTIFIER = pe.gino.thirdProject;
				PRODUCT_NAME = "$(TARGET_NAME)";
				SWIFT_EMIT_LOC_STRINGS = YES;
				SWIFT_VERSION = 5.0;
				TARGETED_DEVICE_FAMILY = "1,2";
			};
			name = Debug;
		};
		7E3A6C8A29395088004D5BF1 /* Release */ = {
			isa = XCBuildConfiguration;
			buildSettings = {
				ASSETCATALOG_COMPILER_APPICON_NAME = AppIcon;
				ASSETCATALOG_COMPILER_GLOBAL_ACCENT_COLOR_NAME = AccentColor;
				CODE_SIGN_STYLE = Automatic;
				CURRENT_PROJECT_VERSION = 1;
				GENERATE_INFOPLIST_FILE = YES;
				INFOPLIST_FILE = thirdProject/Info.plist;
				INFOPLIST_KEY_UIApplicationSupportsIndirectInputEvents = YES;
				INFOPLIST_KEY_UILaunchStoryboardName = LaunchScreen;
				INFOPLIST_KEY_UIMainStoryboardFile = Main;
				INFOPLIST_KEY_UISupportedInterfaceOrientations_iPad = "UIInterfaceOrientationPortrait UIInterfaceOrientationPortraitUpsideDown UIInterfaceOrientationLandscapeLeft UIInterfaceOrientationLandscapeRight";
				INFOPLIST_KEY_UISupportedInterfaceOrientations_iPhone = "UIInterfaceOrientationPortrait UIInterfaceOrientationLandscapeLeft UIInterfaceOrientationLandscapeRight";
				LD_RUNPATH_SEARCH_PATHS = (
					"$(inherited)",
					"@executable_path/Frameworks",
				);
				MARKETING_VERSION = 1.0;
				PRODUCT_BUNDLE_IDENTIFIER = pe.gino.thirdProject;
				PRODUCT_NAME = "$(TARGET_NAME)";
				SWIFT_EMIT_LOC_STRINGS = YES;
				SWIFT_VERSION = 5.0;
				TARGETED_DEVICE_FAMILY = "1,2";
			};
			name = Release;
		};
/* End XCBuildConfiguration section */

/* Begin XCConfigurationList section */
		7E3A6C6F29395085004D5BF1 /* Build configuration list for PBXProject "thirdProject" */ = {
			isa = XCConfigurationList;
			buildConfigurations = (
				7E3A6C8629395088004D5BF1 /* Debug */,
				7E3A6C8729395088004D5BF1 /* Release */,
			);
			defaultConfigurationIsVisible = 0;
			defaultConfigurationName = Release;
		};
		7E3A6C8829395088004D5BF1 /* Build configuration list for PBXNativeTarget "thirdProject" */ = {
			isa = XCConfigurationList;
			buildConfigurations = (
				7E3A6C8929395088004D5BF1 /* Debug */,
				7E3A6C8A29395088004D5BF1 /* Release */,
			);
			defaultConfigurationIsVisible = 0;
			defaultConfigurationName = Release;
		};
/* End XCConfigurationList section */
	};
	rootObject = 7E3A6C6C29395085004D5BF1 /* Project object */;
}
