// !$*UTF8*$!
{
	archiveVersion = 1;
	classes = {
	};
	objectVersion = 56;
	objects = {

/* Begin PBXBuildFile section */
		7EFF6EF22940F5B400120B0D /* AppDelegate.swift in Sources */ = {isa = PBXBuildFile; fileRef = 7EFF6EF12940F5B400120B0D /* AppDelegate.swift */; };
		7EFF6EF42940F5B400120B0D /* SceneDelegate.swift in Sources */ = {isa = PBXBuildFile; fileRef = 7EFF6EF32940F5B400120B0D /* SceneDelegate.swift */; };
		7EFF6EF62940F5B400120B0D /* ViewController.swift in Sources */ = {isa = PBXBuildFile; fileRef = 7EFF6EF52940F5B400120B0D /* ViewController.swift */; };
		7EFF6EF92940F5B400120B0D /* Main.storyboard in Resources */ = {isa = PBXBuildFile; fileRef = 7EFF6EF72940F5B400120B0D /* Main.storyboard */; };
		7EFF6EFB2940F5B700120B0D /* Assets.xcassets in Resources */ = {isa = PBXBuildFile; fileRef = 7EFF6EFA2940F5B700120B0D /* Assets.xcassets */; };
		7EFF6EFE2940F5B700120B0D /* LaunchScreen.storyboard in Resources */ = {isa = PBXBuildFile; fileRef = 7EFF6EFC2940F5B700120B0D /* LaunchScreen.storyboard */; };
		7EFF6F062940F5CF00120B0D /* ARC.swift in Sources */ = {isa = PBXBuildFile; fileRef = 7EFF6F052940F5CF00120B0D /* ARC.swift */; };
		7EFF6F092941097100120B0D /* Alamofire in Frameworks */ = {isa = PBXBuildFile; productRef = 7EFF6F082941097100120B0D /* Alamofire */; };
/* End PBXBuildFile section */

/* Begin PBXFileReference section */
		7EFF6EEE2940F5B400120B0D /* ARCExample.app */ = {isa = PBXFileReference; explicitFileType = wrapper.application; includeInIndex = 0; path = ARCExample.app; sourceTree = BUILT_PRODUCTS_DIR; };
		7EFF6EF12940F5B400120B0D /* AppDelegate.swift */ = {isa = PBXFileReference; lastKnownFileType = sourcecode.swift; path = AppDelegate.swift; sourceTree = "<group>"; };
		7EFF6EF32940F5B400120B0D /* SceneDelegate.swift */ = {isa = PBXFileReference; lastKnownFileType = sourcecode.swift; path = SceneDelegate.swift; sourceTree = "<group>"; };
		7EFF6EF52940F5B400120B0D /* ViewController.swift */ = {isa = PBXFileReference; lastKnownFileType = sourcecode.swift; path = ViewController.swift; sourceTree = "<group>"; };
		7EFF6EF82940F5B400120B0D /* Base */ = {isa = PBXFileReference; lastKnownFileType = file.storyboard; name = Base; path = Base.lproj/Main.storyboard; sourceTree = "<group>"; };
		7EFF6EFA2940F5B700120B0D /* Assets.xcassets */ = {isa = PBXFileReference; lastKnownFileType = folder.assetcatalog; path = Assets.xcassets; sourceTree = "<group>"; };
		7EFF6EFD2940F5B700120B0D /* Base */ = {isa = PBXFileReference; lastKnownFileType = file.storyboard; name = Base; path = Base.lproj/LaunchScreen.storyboard; sourceTree = "<group>"; };
		7EFF6EFF2940F5B700120B0D /* Info.plist */ = {isa = PBXFileReference; lastKnownFileType = text.plist.xml; path = Info.plist; sourceTree = "<group>"; };
		7EFF6F052940F5CF00120B0D /* ARC.swift */ = {isa = PBXFileReference; lastKnownFileType = sourcecode.swift; path = ARC.swift; sourceTree = "<group>"; };
/* End PBXFileReference section */

/* Begin PBXFrameworksBuildPhase section */
		7EFF6EEB2940F5B400120B0D /* Frameworks */ = {
			isa = PBXFrameworksBuildPhase;
			buildActionMask = 2147483647;
			files = (
				7EFF6F092941097100120B0D /* Alamofire in Frameworks */,
			);
			runOnlyForDeploymentPostprocessing = 0;
		};
/* End PBXFrameworksBuildPhase section */

/* Begin PBXGroup section */
		7EFF6EE52940F5B400120B0D = {
			isa = PBXGroup;
			children = (
				7EFF6EF02940F5B400120B0D /* ARCExample */,
				7EFF6EEF2940F5B400120B0D /* Products */,
			);
			sourceTree = "<group>";
		};
		7EFF6EEF2940F5B400120B0D /* Products */ = {
			isa = PBXGroup;
			children = (
				7EFF6EEE2940F5B400120B0D /* ARCExample.app */,
			);
			name = Products;
			sourceTree = "<group>";
		};
		7EFF6EF02940F5B400120B0D /* ARCExample */ = {
			isa = PBXGroup;
			children = (
				7EFF6EF12940F5B400120B0D /* AppDelegate.swift */,
				7EFF6EF32940F5B400120B0D /* SceneDelegate.swift */,
				7EFF6EF52940F5B400120B0D /* ViewController.swift */,
				7EFF6EF72940F5B400120B0D /* Main.storyboard */,
				7EFF6EFA2940F5B700120B0D /* Assets.xcassets */,
				7EFF6EFC2940F5B700120B0D /* LaunchScreen.storyboard */,
				7EFF6EFF2940F5B700120B0D /* Info.plist */,
				7EFF6F052940F5CF00120B0D /* ARC.swift */,
			);
			path = ARCExample;
			sourceTree = "<group>";
		};
/* End PBXGroup section */

/* Begin PBXNativeTarget section */
		7EFF6EED2940F5B400120B0D /* ARCExample */ = {
			isa = PBXNativeTarget;
			buildConfigurationList = 7EFF6F022940F5B700120B0D /* Build configuration list for PBXNativeTarget "ARCExample" */;
			buildPhases = (
				7EFF6EEA2940F5B400120B0D /* Sources */,
				7EFF6EEB2940F5B400120B0D /* Frameworks */,
				7EFF6EEC2940F5B400120B0D /* Resources */,
			);
			buildRules = (
			);
			dependencies = (
			);
			name = ARCExample;
			packageProductDependencies = (
				7EFF6F082941097100120B0D /* Alamofire */,
			);
			productName = ARCExample;
			productReference = 7EFF6EEE2940F5B400120B0D /* ARCExample.app */;
			productType = "com.apple.product-type.application";
		};
/* End PBXNativeTarget section */

/* Begin PBXProject section */
		7EFF6EE62940F5B400120B0D /* Project object */ = {
			isa = PBXProject;
			attributes = {
				BuildIndependentTargetsInParallel = 1;
				LastSwiftUpdateCheck = 1410;
				LastUpgradeCheck = 1410;
				TargetAttributes = {
					7EFF6EED2940F5B400120B0D = {
						CreatedOnToolsVersion = 14.1;
					};
				};
			};
			buildConfigurationList = 7EFF6EE92940F5B400120B0D /* Build configuration list for PBXProject "ARCExample" */;
			compatibilityVersion = "Xcode 14.0";
			developmentRegion = en;
			hasScannedForEncodings = 0;
			knownRegions = (
				en,
				Base,
			);
			mainGroup = 7EFF6EE52940F5B400120B0D;
			packageReferences = (
				7EFF6F072941097100120B0D /* XCRemoteSwiftPackageReference "Alamofire" */,
			);
			productRefGroup = 7EFF6EEF2940F5B400120B0D /* Products */;
			projectDirPath = "";
			projectRoot = "";
			targets = (
				7EFF6EED2940F5B400120B0D /* ARCExample */,
			);
		};
/* End PBXProject section */

/* Begin PBXResourcesBuildPhase section */
		7EFF6EEC2940F5B400120B0D /* Resources */ = {
			isa = PBXResourcesBuildPhase;
			buildActionMask = 2147483647;
			files = (
				7EFF6EFE2940F5B700120B0D /* LaunchScreen.storyboard in Resources */,
				7EFF6EFB2940F5B700120B0D /* Assets.xcassets in Resources */,
				7EFF6EF92940F5B400120B0D /* Main.storyboard in Resources */,
			);
			runOnlyForDeploymentPostprocessing = 0;
		};
/* End PBXResourcesBuildPhase section */

/* Begin PBXSourcesBuildPhase section */
		7EFF6EEA2940F5B400120B0D /* Sources */ = {
			isa = PBXSourcesBuildPhase;
			buildActionMask = 2147483647;
			files = (
				7EFF6EF62940F5B400120B0D /* ViewController.swift in Sources */,
				7EFF6EF22940F5B400120B0D /* AppDelegate.swift in Sources */,
				7EFF6F062940F5CF00120B0D /* ARC.swift in Sources */,
				7EFF6EF42940F5B400120B0D /* SceneDelegate.swift in Sources */,
			);
			runOnlyForDeploymentPostprocessing = 0;
		};
/* End PBXSourcesBuildPhase section */

/* Begin PBXVariantGroup section */
		7EFF6EF72940F5B400120B0D /* Main.storyboard */ = {
			isa = PBXVariantGroup;
			children = (
				7EFF6EF82940F5B400120B0D /* Base */,
			);
			name = Main.storyboard;
			sourceTree = "<group>";
		};
		7EFF6EFC2940F5B700120B0D /* LaunchScreen.storyboard */ = {
			isa = PBXVariantGroup;
			children = (
				7EFF6EFD2940F5B700120B0D /* Base */,
			);
			name = LaunchScreen.storyboard;
			sourceTree = "<group>";
		};
/* End PBXVariantGroup section */

/* Begin XCBuildConfiguration section */
		7EFF6F002940F5B700120B0D /* Debug */ = {
			isa = XCBuildConfiguration;
			buildSettings = {
				ALWAYS_SEARCH_USER_PATHS = NO;
				CLANG_ANALYZER_NONNULL = YES;
				CLANG_ANALYZER_NUMBER_OBJECT_CONVERSION = YES_AGGRESSIVE;
				CLANG_CXX_LANGUAGE_STANDARD = "gnu++20";
				CLANG_ENABLE_MODULES = YES;
				CLANG_ENABLE_OBJC_ARC = YES;
				CLANG_ENABLE_OBJC_WEAK = YES;
				CLANG_WARN_BLOCK_CAPTURE_AUTORELEASING = YES;
				CLANG_WARN_BOOL_CONVERSION = YES;
				CLANG_WARN_COMMA = YES;
				CLANG_WARN_CONSTANT_CONVERSION = YES;
				CLANG_WARN_DEPRECATED_OBJC_IMPLEMENTATIONS = YES;
				CLANG_WARN_DIRECT_OBJC_ISA_USAGE = YES_ERROR;
				CLANG_WARN_DOCUMENTATION_COMMENTS = YES;
				CLANG_WARN_EMPTY_BODY = YES;
				CLANG_WARN_ENUM_CONVERSION = YES;
				CLANG_WARN_INFINITE_RECURSION = YES;
				CLANG_WARN_INT_CONVERSION = YES;
				CLANG_WARN_NON_LITERAL_NULL_CONVERSION = YES;
				CLANG_WARN_OBJC_IMPLICIT_RETAIN_SELF = YES;
				CLANG_WARN_OBJC_LITERAL_CONVERSION = YES;
				CLANG_WARN_OBJC_ROOT_CLASS = YES_ERROR;
				CLANG_WARN_QUOTED_INCLUDE_IN_FRAMEWORK_HEADER = YES;
				CLANG_WARN_RANGE_LOOP_ANALYSIS = YES;
				CLANG_WARN_STRICT_PROTOTYPES = YES;
				CLANG_WARN_SUSPICIOUS_MOVE = YES;
				CLANG_WARN_UNGUARDED_AVAILABILITY = YES_AGGRESSIVE;
				CLANG_WARN_UNREACHABLE_CODE = YES;
				CLANG_WARN__DUPLICATE_METHOD_MATCH = YES;
				COPY_PHASE_STRIP = NO;
				DEBUG_INFORMATION_FORMAT = dwarf;
				ENABLE_STRICT_OBJC_MSGSEND = YES;
				ENABLE_TESTABILITY = YES;
				GCC_C_LANGUAGE_STANDARD = gnu11;
				GCC_DYNAMIC_NO_PIC = NO;
				GCC_NO_COMMON_BLOCKS = YES;
				GCC_OPTIMIZATION_LEVEL = 0;
				GCC_PREPROCESSOR_DEFINITIONS = (
					"DEBUG=1",
					"$(inherited)",
				);
				GCC_WARN_64_TO_32_BIT_CONVERSION = YES;
				GCC_WARN_ABOUT_RETURN_TYPE = YES_ERROR;
				GCC_WARN_UNDECLARED_SELECTOR = YES;
				GCC_WARN_UNINITIALIZED_AUTOS = YES_AGGRESSIVE;
				GCC_WARN_UNUSED_FUNCTION = YES;
				GCC_WARN_UNUSED_VARIABLE = YES;
				IPHONEOS_DEPLOYMENT_TARGET = 16.1;
				MTL_ENABLE_DEBUG_INFO = INCLUDE_SOURCE;
				MTL_FAST_MATH = YES;
				ONLY_ACTIVE_ARCH = YES;
				SDKROOT = iphoneos;
				SWIFT_ACTIVE_COMPILATION_CONDITIONS = DEBUG;
				SWIFT_OPTIMIZATION_LEVEL = "-Onone";
			};
			name = Debug;
		};
		7EFF6F012940F5B700120B0D /* Release */ = {
			isa = XCBuildConfiguration;
			buildSettings = {
				ALWAYS_SEARCH_USER_PATHS = NO;
				CLANG_ANALYZER_NONNULL = YES;
				CLANG_ANALYZER_NUMBER_OBJECT_CONVERSION = YES_AGGRESSIVE;
				CLANG_CXX_LANGUAGE_STANDARD = "gnu++20";
				CLANG_ENABLE_MODULES = YES;
				CLANG_ENABLE_OBJC_ARC = YES;
				CLANG_ENABLE_OBJC_WEAK = YES;
				CLANG_WARN_BLOCK_CAPTURE_AUTORELEASING = YES;
				CLANG_WARN_BOOL_CONVERSION = YES;
				CLANG_WARN_COMMA = YES;
				CLANG_WARN_CONSTANT_CONVERSION = YES;
				CLANG_WARN_DEPRECATED_OBJC_IMPLEMENTATIONS = YES;
				CLANG_WARN_DIRECT_OBJC_ISA_USAGE = YES_ERROR;
				CLANG_WARN_DOCUMENTATION_COMMENTS = YES;
				CLANG_WARN_EMPTY_BODY = YES;
				CLANG_WARN_ENUM_CONVERSION = YES;
				CLANG_WARN_INFINITE_RECURSION = YES;
				CLANG_WARN_INT_CONVERSION = YES;
				CLANG_WARN_NON_LITERAL_NULL_CONVERSION = YES;
				CLANG_WARN_OBJC_IMPLICIT_RETAIN_SELF = YES;
				CLANG_WARN_OBJC_LITERAL_CONVERSION = YES;
				CLANG_WARN_OBJC_ROOT_CLASS = YES_ERROR;
				CLANG_WARN_QUOTED_INCLUDE_IN_FRAMEWORK_HEADER = YES;
				CLANG_WARN_RANGE_LOOP_ANALYSIS = YES;
				CLANG_WARN_STRICT_PROTOTYPES = YES;
				CLANG_WARN_SUSPICIOUS_MOVE = YES;
				CLANG_WARN_UNGUARDED_AVAILABILITY = YES_AGGRESSIVE;
				CLANG_WARN_UNREACHABLE_CODE = YES;
				CLANG_WARN__DUPLICATE_METHOD_MATCH = YES;
				COPY_PHASE_STRIP = NO;
				DEBUG_INFORMATION_FORMAT = "dwarf-with-dsym";
				ENABLE_NS_ASSERTIONS = NO;
				ENABLE_STRICT_OBJC_MSGSEND = YES;
				GCC_C_LANGUAGE_STANDARD = gnu11;
				GCC_NO_COMMON_BLOCKS = YES;
				GCC_WARN_64_TO_32_BIT_CONVERSION = YES;
				GCC_WARN_ABOUT_RETURN_TYPE = YES_ERROR;
				GCC_WARN_UNDECLARED_SELECTOR = YES;
				GCC_WARN_UNINITIALIZED_AUTOS = YES_AGGRESSIVE;
				GCC_WARN_UNUSED_FUNCTION = YES;
				GCC_WARN_UNUSED_VARIABLE = YES;
				IPHONEOS_DEPLOYMENT_TARGET = 16.1;
				MTL_ENABLE_DEBUG_INFO = NO;
				MTL_FAST_MATH = YES;
				SDKROOT = iphoneos;
				SWIFT_COMPILATION_MODE = wholemodule;
				SWIFT_OPTIMIZATION_LEVEL = "-O";
				VALIDATE_PRODUCT = YES;
			};
			name = Release;
		};
		7EFF6F032940F5B700120B0D /* Debug */ = {
			isa = XCBuildConfiguration;
			buildSettings = {
				ASSETCATALOG_COMPILER_APPICON_NAME = AppIcon;
				ASSETCATALOG_COMPILER_GLOBAL_ACCENT_COLOR_NAME = AccentColor;
				CODE_SIGN_STYLE = Automatic;
				CURRENT_PROJECT_VERSION = 1;
				GENERATE_INFOPLIST_FILE = YES;
				INFOPLIST_FILE = ARCExample/Info.plist;
				INFOPLIST_KEY_UIApplicationSupportsIndirectInputEvents = YES;
				INFOPLIST_KEY_UILaunchStoryboardName = LaunchScreen;
				INFOPLIST_KEY_UIMainStoryboardFile = Main;
				INFOPLIST_KEY_UISupportedInterfaceOrientations_iPad = "UIInterfaceOrientationPortrait UIInterfaceOrientationPortraitUpsideDown UIInterfaceOrientationLandscapeLeft UIInterfaceOrientationLandscapeRight";
				INFOPLIST_KEY_UISupportedInterfaceOrientations_iPhone = "UIInterfaceOrientationPortrait UIInterfaceOrientationLandscapeLeft UIInterfaceOrientationLandscapeRight";
				LD_RUNPATH_SEARCH_PATHS = (
					"$(inherited)",
					"@executable_path/Frameworks",
				);
				MARKETING_VERSION = 1.0;
				PRODUCT_BUNDLE_IDENTIFIER = pe.gino.ARCExample;
				PRODUCT_NAME = "$(TARGET_NAME)";
				SWIFT_EMIT_LOC_STRINGS = YES;
				SWIFT_VERSION = 5.0;
				TARGETED_DEVICE_FAMILY = "1,2";
			};
			name = Debug;
		};
		7EFF6F042940F5B700120B0D /* Release */ = {
			isa = XCBuildConfiguration;
			buildSettings = {
				ASSETCATALOG_COMPILER_APPICON_NAME = AppIcon;
				ASSETCATALOG_COMPILER_GLOBAL_ACCENT_COLOR_NAME = AccentColor;
				CODE_SIGN_STYLE = Automatic;
				CURRENT_PROJECT_VERSION = 1;
				GENERATE_INFOPLIST_FILE = YES;
				INFOPLIST_FILE = ARCExample/Info.plist;
				INFOPLIST_KEY_UIApplicationSupportsIndirectInputEvents = YES;
				INFOPLIST_KEY_UILaunchStoryboardName = LaunchScreen;
				INFOPLIST_KEY_UIMainStoryboardFile = Main;
				INFOPLIST_KEY_UISupportedInterfaceOrientations_iPad = "UIInterfaceOrientationPortrait UIInterfaceOrientationPortraitUpsideDown UIInterfaceOrientationLandscapeLeft UIInterfaceOrientationLandscapeRight";
				INFOPLIST_KEY_UISupportedInterfaceOrientations_iPhone = "UIInterfaceOrientationPortrait UIInterfaceOrientationLandscapeLeft UIInterfaceOrientationLandscapeRight";
				LD_RUNPATH_SEARCH_PATHS = (
					"$(inherited)",
					"@executable_path/Frameworks",
				);
				MARKETING_VERSION = 1.0;
				PRODUCT_BUNDLE_IDENTIFIER = pe.gino.ARCExample;
				PRODUCT_NAME = "$(TARGET_NAME)";
				SWIFT_EMIT_LOC_STRINGS = YES;
				SWIFT_VERSION = 5.0;
				TARGETED_DEVICE_FAMILY = "1,2";
			};
			name = Release;
		};
/* End XCBuildConfiguration section */

/* Begin XCConfigurationList section */
		7EFF6EE92940F5B400120B0D /* Build configuration list for PBXProject "ARCExample" */ = {
			isa = XCConfigurationList;
			buildConfigurations = (
				7EFF6F002940F5B700120B0D /* Debug */,
				7EFF6F012940F5B700120B0D /* Release */,
			);
			defaultConfigurationIsVisible = 0;
			defaultConfigurationName = Release;
		};
		7EFF6F022940F5B700120B0D /* Build configuration list for PBXNativeTarget "ARCExample" */ = {
			isa = XCConfigurationList;
			buildConfigurations = (
				7EFF6F032940F5B700120B0D /* Debug */,
				7EFF6F042940F5B700120B0D /* Release */,
			);
			defaultConfigurationIsVisible = 0;
			defaultConfigurationName = Release;
		};
/* End XCConfigurationList section */

/* Begin XCRemoteSwiftPackageReference section */
		7EFF6F072941097100120B0D /* XCRemoteSwiftPackageReference "Alamofire" */ = {
			isa = XCRemoteSwiftPackageReference;
			repositoryURL = "https://github.com/Alamofire/Alamofire.git";
			requirement = {
				kind = exactVersion;
				version = 5.6.4;
			};
		};
/* End XCRemoteSwiftPackageReference section */

/* Begin XCSwiftPackageProductDependency section */
		7EFF6F082941097100120B0D /* Alamofire */ = {
			isa = XCSwiftPackageProductDependency;
			package = 7EFF6F072941097100120B0D /* XCRemoteSwiftPackageReference "Alamofire" */;
			productName = Alamofire;
		};
/* End XCSwiftPackageProductDependency section */
	};
	rootObject = 7EFF6EE62940F5B400120B0D /* Project object */;
}
